
Microsoft Visual Studio Solution File, Format Version 12.00
# Visual Studio Version 17
VisualStudioVersion = 17.11.35303.130
MinimumVisualStudioVersion = 10.0.40219.1
Project("{2150E333-8FDC-42A3-9474-1A3956D46DE8}") = "Task0", "Task0", "{48AA4B05-19E1-4C83-A01D-E7BE556D5C5D}"
EndProject
Project("{9A19103F-16F7-4668-BE54-9A1E7A4F7556}") = "Tyuiu.NikiforovFA.Sprint1.Task0.V14", "Tyuiu.NikiforovFA.Sprint1.Task0.V14\Tyuiu.NikiforovFA.Sprint1.Task0.V14.csproj", "{57963BAA-894C-47DE-8F77-95A091261E82}"
EndProject
Project("{9A19103F-16F7-4668-BE54-9A1E7A4F7556}") = "Tyuiu.NikiforovFA.Sprint1.Task0.V14.Lib", "Tyuiu.NikiforovFA.Sprint1.Task0.V14.Lib\Tyuiu.NikiforovFA.Sprint1.Task0.V14.Lib.csproj", "{899801FE-684F-4A40-A423-E295A99CE1D2}"
EndProject
Project("{9A19103F-16F7-4668-BE54-9A1E7A4F7556}") = "Tyuiu.NikiforovFA.Sprint1.Task0.V14.Test", "Tyuiu.NikiforovFA.Sprint1.Task0.V14.Test\Tyuiu.NikiforovFA.Sprint1.Task0.V14.Test.csproj", "{81EC9203-04B5-4ACD-B4C4-2EBF55CB8FCF}"
EndProject
Project("{2150E333-8FDC-42A3-9474-1A3956D46DE8}") = "Task1", "Task1", "{9120F674-AD98-4147-9CE6-48F5D9EF5101}"
EndProject
Project("{9A19103F-16F7-4668-BE54-9A1E7A4F7556}") = "Tyuiu.NikiforovFA.Sprint1.Task1.V25", "Tyuiu.NikiforovFA.Sprint1.Task1.V25\Tyuiu.NikiforovFA.Sprint1.Task1.V25.csproj", "{6061509C-C55A-4B9B-BB55-96CCCCE09DFF}"
EndProject
Project("{9A19103F-16F7-4668-BE54-9A1E7A4F7556}") = "Tyuiu.NikiforovFA.Sprint1.Task1.V25.Lib", "Tyuiu.NikiforovFA.Sprint1.Task1.V25.Lib\Tyuiu.NikiforovFA.Sprint1.Task1.V25.Lib.csproj", "{AF4191EC-695B-416F-A34F-6C2132A381B7}"
EndProject
Project("{9A19103F-16F7-4668-BE54-9A1E7A4F7556}") = "Tyuiu.NikiforovFA.Sprint1.Task1.V25.Test", "Tyuiu.NikiforovFA.Sprint1.Task1.V25.Test\Tyuiu.NikiforovFA.Sprint1.Task1.V25.Test.csproj", "{B5A59378-27AF-44F4-8871-5B61D54F15DB}"
EndProject
Project("{2150E333-8FDC-42A3-9474-1A3956D46DE8}") = "Task2", "Task2", "{43623016-35B5-4452-945F-37BEDCF577BB}"
EndProject
Project("{9A19103F-16F7-4668-BE54-9A1E7A4F7556}") = "Tyuiu.NikiforovFA.Sprint1.Task2.V18", "Tyuiu.NikiforovFA.Sprint1.Task2.V18\Tyuiu.NikiforovFA.Sprint1.Task2.V18.csproj", "{2196C526-6DE8-4179-8DB2-0D4941CF6230}"
EndProject
Project("{9A19103F-16F7-4668-BE54-9A1E7A4F7556}") = "Tyuiu.NikiforovFA.Sprint1.Task2.V18.Lib", "Tyuiu.NikiforovFA.Sprint1.Task2.V18.Lib\Tyuiu.NikiforovFA.Sprint1.Task2.V18.Lib.csproj", "{B0489B7A-155C-4E59-BCA5-2CEED6BF4959}"
EndProject
Project("{9A19103F-16F7-4668-BE54-9A1E7A4F7556}") = "Tyuiu.NikiforovFA.Sprint1.Task2.V18.Test", "Tyuiu.NikiforovFA.Sprint1.Task2.V18.Test\Tyuiu.NikiforovFA.Sprint1.Task2.V18.Test.csproj", "{57878CE4-A33A-4FC9-A977-D02E7FB619DA}"
EndProject
Project("{2150E333-8FDC-42A3-9474-1A3956D46DE8}") = "Task3", "Task3", "{AEEEEAD9-613A-4443-B5E2-90196DB11DB6}"
EndProject
Project("{9A19103F-16F7-4668-BE54-9A1E7A4F7556}") = "Tyuiu.NikiforovFA.Sprint1.Task3.V19", "Tyuiu.NikiforovFA.Sprint1.Task3.V19\Tyuiu.NikiforovFA.Sprint1.Task3.V19.csproj", "{5CC5E3AA-683A-4F2F-BF87-A3107B03F9F1}"
EndProject
Project("{9A19103F-16F7-4668-BE54-9A1E7A4F7556}") = "Tyuiu.NikiforovFA.Sprint1.Task3.V19.Lib", "Tyuiu.NikiforovFA.Sprint1.Task3.V19.Lib\Tyuiu.NikiforovFA.Sprint1.Task3.V19.Lib.csproj", "{280782E2-8C32-49EC-B79A-0358A5A65676}"
EndProject
Project("{9A19103F-16F7-4668-BE54-9A1E7A4F7556}") = "Tyuiu.NikiforovFA.Sprint1.Task3.V19.Test", "Tyuiu.NikiforovFA.Sprint1.Task3.V19.Test\Tyuiu.NikiforovFA.Sprint1.Task3.V19.Test.csproj", "{36A7F959-6631-4F46-A35A-1C53E477CDB0}"
EndProject
Project("{2150E333-8FDC-42A3-9474-1A3956D46DE8}") = "Task4", "Task4", "{EDEF899A-A976-4315-94CE-746D04782935}"
EndProject
Project("{9A19103F-16F7-4668-BE54-9A1E7A4F7556}") = "Tyuiu.NikiforovFA.Sprint1.Task4.V27", "Tyuiu.NikiforovFA.Sprint1.Task4.V27\Tyuiu.NikiforovFA.Sprint1.Task4.V27.csproj", "{5CCE50B9-D72A-4F88-AA9A-86763CDEBA61}"
EndProject
Project("{9A19103F-16F7-4668-BE54-9A1E7A4F7556}") = "Tyuiu.NikiforovFA.Sprint1.Task4.V27.Lib", "Tyuiu.NikiforovFA.Sprint1.Task4.V27.Lib\Tyuiu.NikiforovFA.Sprint1.Task4.V27.Lib.csproj", "{BF6C473C-0B93-449D-A007-F0B19DED980F}"
EndProject
Project("{9A19103F-16F7-4668-BE54-9A1E7A4F7556}") = "Tyuiu.NikiforovFA.Sprint1.Task4.V27.Test", "Tyuiu.NikiforovFA.Sprint1.Task4.V27.Test\Tyuiu.NikiforovFA.Sprint1.Task4.V27.Test.csproj", "{68456254-54F8-4CD9-84E0-767A911DF176}"
EndProject
Project("{2150E333-8FDC-42A3-9474-1A3956D46DE8}") = "Task5", "Task5", "{AC145205-BB0B-4A84-BD6C-2403CCAE6E50}"
EndProject
Project("{FAE04EC0-301F-11D3-BF4B-00C04F79EFBC}") = "Tyuiu.NikiforovFA.Sprint1.Task5.V6.Test", "Tyuiu.NikiforovFA.Sprint1.Task5.V6.Test\Tyuiu.NikiforovFA.Sprint1.Task5.V6.Test.csproj", "{7EDF61C9-6F26-4403-87A5-013FE5005793}"
EndProject
Project("{FAE04EC0-301F-11D3-BF4B-00C04F79EFBC}") = "Tyuiu.NikiforovFA.Sprint1.Task5.V6", "Tyuiu.NikiforovFA.Sprint1.Task5.V6\Tyuiu.NikiforovFA.Sprint1.Task5.V6.csproj", "{EE3D0586-DA06-42C0-82D1-E5B0A39CDB28}"
EndProject
Project("{FAE04EC0-301F-11D3-BF4B-00C04F79EFBC}") = "Tyuiu.NikiforovFA.Sprint1.Task5.V6.Lib", "Tyuiu.NikiforovFA.Sprint1.Task5.V6.Lib\Tyuiu.NikiforovFA.Sprint1.Task5.V6.Lib.csproj", "{0EB14FAB-0168-4446-A853-7C49E644D3D1}"
EndProject
Project("{2150E333-8FDC-42A3-9474-1A3956D46DE8}") = "Task6", "Task6", "{28C0DD0B-80D6-4B40-87B8-7557FF2E404D}"
EndProject
Project("{FAE04EC0-301F-11D3-BF4B-00C04F79EFBC}") = "Tyuiu.NikiforovFA.Sprint1.Task6.V6.Test", "Tyuiu.NikiforovFA.Sprint1.Task6.V6.Test\Tyuiu.NikiforovFA.Sprint1.Task6.V6.Test.csproj", "{939F1BCE-614C-4CDE-B1DF-AECBBFE71603}"
EndProject
Project("{FAE04EC0-301F-11D3-BF4B-00C04F79EFBC}") = "Tyuiu.NikiforovFA.Sprint1.Task6.V6.Lib", "Tyuiu.NikiforovFA.Sprint1.Task6.V6.Lib\Tyuiu.NikiforovFA.Sprint1.Task6.V6.Lib.csproj", "{40D24049-964E-454D-B7E0-73BDC483B199}"
EndProject
Project("{FAE04EC0-301F-11D3-BF4B-00C04F79EFBC}") = "Tyuiu.NikiforovFA.Sprint1.Task6.V6", "Tyuiu.NikiforovFA.Sprint1.Task6.V6\Tyuiu.NikiforovFA.Sprint1.Task6.V6.csproj", "{2E29677F-A0F5-4F2A-A3F6-B7074C591155}"
EndProject
Global
	GlobalSection(SolutionConfigurationPlatforms) = preSolution
		Debug|Any CPU = Debug|Any CPU
		Release|Any CPU = Release|Any CPU
	EndGlobalSection
	GlobalSection(ProjectConfigurationPlatforms) = postSolution
		{57963BAA-894C-47DE-8F77-95A091261E82}.Debug|Any CPU.ActiveCfg = Debug|Any CPU
		{57963BAA-894C-47DE-8F77-95A091261E82}.Debug|Any CPU.Build.0 = Debug|Any CPU
		{57963BAA-894C-47DE-8F77-95A091261E82}.Release|Any CPU.ActiveCfg = Release|Any CPU
		{57963BAA-894C-47DE-8F77-95A091261E82}.Release|Any CPU.Build.0 = Release|Any CPU
		{899801FE-684F-4A40-A423-E295A99CE1D2}.Debug|Any CPU.ActiveCfg = Debug|Any CPU
		{899801FE-684F-4A40-A423-E295A99CE1D2}.Debug|Any CPU.Build.0 = Debug|Any CPU
		{899801FE-684F-4A40-A423-E295A99CE1D2}.Release|Any CPU.ActiveCfg = Release|Any CPU
		{899801FE-684F-4A40-A423-E295A99CE1D2}.Release|Any CPU.Build.0 = Release|Any CPU
		{81EC9203-04B5-4ACD-B4C4-2EBF55CB8FCF}.Debug|Any CPU.ActiveCfg = Debug|Any CPU
		{81EC9203-04B5-4ACD-B4C4-2EBF55CB8FCF}.Debug|Any CPU.Build.0 = Debug|Any CPU
		{81EC9203-04B5-4ACD-B4C4-2EBF55CB8FCF}.Release|Any CPU.ActiveCfg = Release|Any CPU
		{81EC9203-04B5-4ACD-B4C4-2EBF55CB8FCF}.Release|Any CPU.Build.0 = Release|Any CPU
		{6061509C-C55A-4B9B-BB55-96CCCCE09DFF}.Debug|Any CPU.ActiveCfg = Debug|Any CPU
		{6061509C-C55A-4B9B-BB55-96CCCCE09DFF}.Debug|Any CPU.Build.0 = Debug|Any CPU
		{6061509C-C55A-4B9B-BB55-96CCCCE09DFF}.Release|Any CPU.ActiveCfg = Release|Any CPU
		{6061509C-C55A-4B9B-BB55-96CCCCE09DFF}.Release|Any CPU.Build.0 = Release|Any CPU
		{AF4191EC-695B-416F-A34F-6C2132A381B7}.Debug|Any CPU.ActiveCfg = Debug|Any CPU
		{AF4191EC-695B-416F-A34F-6C2132A381B7}.Debug|Any CPU.Build.0 = Debug|Any CPU
		{AF4191EC-695B-416F-A34F-6C2132A381B7}.Release|Any CPU.ActiveCfg = Release|Any CPU
		{AF4191EC-695B-416F-A34F-6C2132A381B7}.Release|Any CPU.Build.0 = Release|Any CPU
		{B5A59378-27AF-44F4-8871-5B61D54F15DB}.Debug|Any CPU.ActiveCfg = Debug|Any CPU
		{B5A59378-27AF-44F4-8871-5B61D54F15DB}.Debug|Any CPU.Build.0 = Debug|Any CPU
		{B5A59378-27AF-44F4-8871-5B61D54F15DB}.Release|Any CPU.ActiveCfg = Release|Any CPU
		{B5A59378-27AF-44F4-8871-5B61D54F15DB}.Release|Any CPU.Build.0 = Release|Any CPU
		{2196C526-6DE8-4179-8DB2-0D4941CF6230}.Debug|Any CPU.ActiveCfg = Debug|Any CPU
		{2196C526-6DE8-4179-8DB2-0D4941CF6230}.Debug|Any CPU.Build.0 = Debug|Any CPU
		{2196C526-6DE8-4179-8DB2-0D4941CF6230}.Release|Any CPU.ActiveCfg = Release|Any CPU
		{2196C526-6DE8-4179-8DB2-0D4941CF6230}.Release|Any CPU.Build.0 = Release|Any CPU
		{B0489B7A-155C-4E59-BCA5-2CEED6BF4959}.Debug|Any CPU.ActiveCfg = Debug|Any CPU
		{B0489B7A-155C-4E59-BCA5-2CEED6BF4959}.Debug|Any CPU.Build.0 = Debug|Any CPU
		{B0489B7A-155C-4E59-BCA5-2CEED6BF4959}.Release|Any CPU.ActiveCfg = Release|Any CPU
		{B0489B7A-155C-4E59-BCA5-2CEED6BF4959}.Release|Any CPU.Build.0 = Release|Any CPU
		{57878CE4-A33A-4FC9-A977-D02E7FB619DA}.Debug|Any CPU.ActiveCfg = Debug|Any CPU
		{57878CE4-A33A-4FC9-A977-D02E7FB619DA}.Debug|Any CPU.Build.0 = Debug|Any CPU
		{57878CE4-A33A-4FC9-A977-D02E7FB619DA}.Release|Any CPU.ActiveCfg = Release|Any CPU
		{57878CE4-A33A-4FC9-A977-D02E7FB619DA}.Release|Any CPU.Build.0 = Release|Any CPU
		{5CC5E3AA-683A-4F2F-BF87-A3107B03F9F1}.Debug|Any CPU.ActiveCfg = Debug|Any CPU
		{5CC5E3AA-683A-4F2F-BF87-A3107B03F9F1}.Debug|Any CPU.Build.0 = Debug|Any CPU
		{5CC5E3AA-683A-4F2F-BF87-A3107B03F9F1}.Release|Any CPU.ActiveCfg = Release|Any CPU
		{5CC5E3AA-683A-4F2F-BF87-A3107B03F9F1}.Release|Any CPU.Build.0 = Release|Any CPU
		{280782E2-8C32-49EC-B79A-0358A5A65676}.Debug|Any CPU.ActiveCfg = Debug|Any CPU
		{280782E2-8C32-49EC-B79A-0358A5A65676}.Debug|Any CPU.Build.0 = Debug|Any CPU
		{280782E2-8C32-49EC-B79A-0358A5A65676}.Release|Any CPU.ActiveCfg = Release|Any CPU
		{280782E2-8C32-49EC-B79A-0358A5A65676}.Release|Any CPU.Build.0 = Release|Any CPU
		{36A7F959-6631-4F46-A35A-1C53E477CDB0}.Debug|Any CPU.ActiveCfg = Debug|Any CPU
		{36A7F959-6631-4F46-A35A-1C53E477CDB0}.Debug|Any CPU.Build.0 = Debug|Any CPU
		{36A7F959-6631-4F46-A35A-1C53E477CDB0}.Release|Any CPU.ActiveCfg = Release|Any CPU
		{36A7F959-6631-4F46-A35A-1C53E477CDB0}.Release|Any CPU.Build.0 = Release|Any CPU
		{5CCE50B9-D72A-4F88-AA9A-86763CDEBA61}.Debug|Any CPU.ActiveCfg = Debug|Any CPU
		{5CCE50B9-D72A-4F88-AA9A-86763CDEBA61}.Debug|Any CPU.Build.0 = Debug|Any CPU
		{5CCE50B9-D72A-4F88-AA9A-86763CDEBA61}.Release|Any CPU.ActiveCfg = Release|Any CPU
		{5CCE50B9-D72A-4F88-AA9A-86763CDEBA61}.Release|Any CPU.Build.0 = Release|Any CPU
		{BF6C473C-0B93-449D-A007-F0B19DED980F}.Debug|Any CPU.ActiveCfg = Debug|Any CPU
		{BF6C473C-0B93-449D-A007-F0B19DED980F}.Debug|Any CPU.Build.0 = Debug|Any CPU
		{BF6C473C-0B93-449D-A007-F0B19DED980F}.Release|Any CPU.ActiveCfg = Release|Any CPU
		{BF6C473C-0B93-449D-A007-F0B19DED980F}.Release|Any CPU.Build.0 = Release|Any CPU
		{68456254-54F8-4CD9-84E0-767A911DF176}.Debug|Any CPU.ActiveCfg = Debug|Any CPU
		{68456254-54F8-4CD9-84E0-767A911DF176}.Debug|Any CPU.Build.0 = Debug|Any CPU
		{68456254-54F8-4CD9-84E0-767A911DF176}.Release|Any CPU.ActiveCfg = Release|Any CPU
		{68456254-54F8-4CD9-84E0-767A911DF176}.Release|Any CPU.Build.0 = Release|Any CPU
		{7EDF61C9-6F26-4403-87A5-013FE5005793}.Debug|Any CPU.ActiveCfg = Debug|Any CPU
		{7EDF61C9-6F26-4403-87A5-013FE5005793}.Debug|Any CPU.Build.0 = Debug|Any CPU
		{7EDF61C9-6F26-4403-87A5-013FE5005793}.Release|Any CPU.ActiveCfg = Release|Any CPU
		{7EDF61C9-6F26-4403-87A5-013FE5005793}.Release|Any CPU.Build.0 = Release|Any CPU
		{EE3D0586-DA06-42C0-82D1-E5B0A39CDB28}.Debug|Any CPU.ActiveCfg = Debug|Any CPU
		{EE3D0586-DA06-42C0-82D1-E5B0A39CDB28}.Debug|Any CPU.Build.0 = Debug|Any CPU
		{EE3D0586-DA06-42C0-82D1-E5B0A39CDB28}.Release|Any CPU.ActiveCfg = Release|Any CPU
		{EE3D0586-DA06-42C0-82D1-E5B0A39CDB28}.Release|Any CPU.Build.0 = Release|Any CPU
		{0EB14FAB-0168-4446-A853-7C49E644D3D1}.Debug|Any CPU.ActiveCfg = Debug|Any CPU
		{0EB14FAB-0168-4446-A853-7C49E644D3D1}.Debug|Any CPU.Build.0 = Debug|Any CPU
		{0EB14FAB-0168-4446-A853-7C49E644D3D1}.Release|Any CPU.ActiveCfg = Release|Any CPU
		{0EB14FAB-0168-4446-A853-7C49E644D3D1}.Release|Any CPU.Build.0 = Release|Any CPU
		{939F1BCE-614C-4CDE-B1DF-AECBBFE71603}.Debug|Any CPU.ActiveCfg = Debug|Any CPU
		{939F1BCE-614C-4CDE-B1DF-AECBBFE71603}.Debug|Any CPU.Build.0 = Debug|Any CPU
		{939F1BCE-614C-4CDE-B1DF-AECBBFE71603}.Release|Any CPU.ActiveCfg = Release|Any CPU
		{939F1BCE-614C-4CDE-B1DF-AECBBFE71603}.Release|Any CPU.Build.0 = Release|Any CPU
		{40D24049-964E-454D-B7E0-73BDC483B199}.Debug|Any CPU.ActiveCfg = Debug|Any CPU
		{40D24049-964E-454D-B7E0-73BDC483B199}.Debug|Any CPU.Build.0 = Debug|Any CPU
		{40D24049-964E-454D-B7E0-73BDC483B199}.Release|Any CPU.ActiveCfg = Release|Any CPU
		{40D24049-964E-454D-B7E0-73BDC483B199}.Release|Any CPU.Build.0 = Release|Any CPU
		{2E29677F-A0F5-4F2A-A3F6-B7074C591155}.Debug|Any CPU.ActiveCfg = Debug|Any CPU
		{2E29677F-A0F5-4F2A-A3F6-B7074C591155}.Debug|Any CPU.Build.0 = Debug|Any CPU
		{2E29677F-A0F5-4F2A-A3F6-B7074C591155}.Release|Any CPU.ActiveCfg = Release|Any CPU
		{2E29677F-A0F5-4F2A-A3F6-B7074C591155}.Release|Any CPU.Build.0 = Release|Any CPU
	EndGlobalSection
	GlobalSection(SolutionProperties) = preSolution
		HideSolutionNode = FALSE
	EndGlobalSection
	GlobalSection(NestedProjects) = preSolution
		{57963BAA-894C-47DE-8F77-95A091261E82} = {48AA4B05-19E1-4C83-A01D-E7BE556D5C5D}
		{899801FE-684F-4A40-A423-E295A99CE1D2} = {48AA4B05-19E1-4C83-A01D-E7BE556D5C5D}
		{81EC9203-04B5-4ACD-B4C4-2EBF55CB8FCF} = {48AA4B05-19E1-4C83-A01D-E7BE556D5C5D}
		{6061509C-C55A-4B9B-BB55-96CCCCE09DFF} = {9120F674-AD98-4147-9CE6-48F5D9EF5101}
		{AF4191EC-695B-416F-A34F-6C2132A381B7} = {9120F674-AD98-4147-9CE6-48F5D9EF5101}
		{B5A59378-27AF-44F4-8871-5B61D54F15DB} = {9120F674-AD98-4147-9CE6-48F5D9EF5101}
		{2196C526-6DE8-4179-8DB2-0D4941CF6230} = {43623016-35B5-4452-945F-37BEDCF577BB}
		{B0489B7A-155C-4E59-BCA5-2CEED6BF4959} = {43623016-35B5-4452-945F-37BEDCF577BB}
		{57878CE4-A33A-4FC9-A977-D02E7FB619DA} = {43623016-35B5-4452-945F-37BEDCF577BB}
		{5CC5E3AA-683A-4F2F-BF87-A3107B03F9F1} = {AEEEEAD9-613A-4443-B5E2-90196DB11DB6}
		{280782E2-8C32-49EC-B79A-0358A5A65676} = {AEEEEAD9-613A-4443-B5E2-90196DB11DB6}
		{36A7F959-6631-4F46-A35A-1C53E477CDB0} = {AEEEEAD9-613A-4443-B5E2-90196DB11DB6}
		{5CCE50B9-D72A-4F88-AA9A-86763CDEBA61} = {EDEF899A-A976-4315-94CE-746D04782935}
		{BF6C473C-0B93-449D-A007-F0B19DED980F} = {EDEF899A-A976-4315-94CE-746D04782935}
		{68456254-54F8-4CD9-84E0-767A911DF176} = {EDEF899A-A976-4315-94CE-746D04782935}
		{7EDF61C9-6F26-4403-87A5-013FE5005793} = {AC145205-BB0B-4A84-BD6C-2403CCAE6E50}
		{EE3D0586-DA06-42C0-82D1-E5B0A39CDB28} = {AC145205-BB0B-4A84-BD6C-2403CCAE6E50}
		{0EB14FAB-0168-4446-A853-7C49E644D3D1} = {AC145205-BB0B-4A84-BD6C-2403CCAE6E50}
		{939F1BCE-614C-4CDE-B1DF-AECBBFE71603} = {28C0DD0B-80D6-4B40-87B8-7557FF2E404D}
		{40D24049-964E-454D-B7E0-73BDC483B199} = {28C0DD0B-80D6-4B40-87B8-7557FF2E404D}
		{2E29677F-A0F5-4F2A-A3F6-B7074C591155} = {28C0DD0B-80D6-4B40-87B8-7557FF2E404D}
	EndGlobalSection
	GlobalSection(ExtensibilityGlobals) = postSolution
		SolutionGuid = {543B22AF-8A25-4B3C-81CA-AB1567AF2340}
	EndGlobalSection
EndGlobal
